
Microsoft Visual Studio Solution File, Format Version 12.00
# Visual Studio Version 17
VisualStudioVersion = 17.8.34511.84
MinimumVisualStudioVersion = 10.0.40219.1
Project("{FAE04EC0-301F-11D3-BF4B-00C04F79EFBC}") = "BlazorLab6", "BlazorLab6\BlazorLab6.csproj", "{81D4D4A1-47AF-42EA-813D-1C43E7E477E6}"
EndProject
Global
	GlobalSection(SolutionConfigurationPlatforms) = preSolution
		Debug|Any CPU = Debug|Any CPU
		Release|Any CPU = Release|Any CPU
	EndGlobalSection
	GlobalSection(ProjectConfigurationPlatforms) = postSolution
		{81D4D4A1-47AF-42EA-813D-1C43E7E477E6}.Debug|Any CPU.ActiveCfg = Debug|Any CPU
		{81D4D4A1-47AF-42EA-813D-1C43E7E477E6}.Debug|Any CPU.Build.0 = Debug|Any CPU
		{81D4D4A1-47AF-42EA-813D-1C43E7E477E6}.Release|Any CPU.ActiveCfg = Release|Any CPU
		{81D4D4A1-47AF-42EA-813D-1C43E7E477E6}.Release|Any CPU.Build.0 = Release|Any CPU
	EndGlobalSection
	GlobalSection(SolutionProperties) = preSolution
		HideSolutionNode = FALSE
	EndGlobalSection
	GlobalSection(ExtensibilityGlobals) = postSolution
		SolutionGuid = {ED0FF226-9224-413B-B4D0-84A27FC1F16A}
	EndGlobalSection
EndGlobal
